
Microsoft Visual Studio Solution File, Format Version 12.00
# Visual Studio Version 17
VisualStudioVersion = 17.9.34310.174
MinimumVisualStudioVersion = 10.0.40219.1
Project("{FAE04EC0-301F-11D3-BF4B-00C04F79EFBC}") = "CV_Web", "CV_Web\CV_Web.csproj", "{AD7316E0-D6B2-4E24-9146-C56E58CC8838}"
EndProject
Global
	GlobalSection(SolutionConfigurationPlatforms) = preSolution
		Debug|Any CPU = Debug|Any CPU
		Release|Any CPU = Release|Any CPU
	EndGlobalSection
	GlobalSection(ProjectConfigurationPlatforms) = postSolution
		{AD7316E0-D6B2-4E24-9146-C56E58CC8838}.Debug|Any CPU.ActiveCfg = Debug|Any CPU
		{AD7316E0-D6B2-4E24-9146-C56E58CC8838}.Debug|Any CPU.Build.0 = Debug|Any CPU
		{AD7316E0-D6B2-4E24-9146-C56E58CC8838}.Release|Any CPU.ActiveCfg = Release|Any CPU
		{AD7316E0-D6B2-4E24-9146-C56E58CC8838}.Release|Any CPU.Build.0 = Release|Any CPU
	EndGlobalSection
	GlobalSection(SolutionProperties) = preSolution
		HideSolutionNode = FALSE
	EndGlobalSection
	GlobalSection(ExtensibilityGlobals) = postSolution
		SolutionGuid = {BD8FE572-E7AB-444E-A77A-8EE8282A9829}
	EndGlobalSection
EndGlobal
